// !$*UTF8*$!
{
	archiveVersion = 1;
	classes = {
	};
	objectVersion = 50;
	objects = {

/* Begin PBXBuildFile section */
		901AB85A22FD892FFBEF4289 /* Pods_XCDialog.framework in Frameworks */ = {isa = PBXBuildFile; fileRef = 06DE757D753121ED64ABB781 /* Pods_XCDialog.framework */; };
		971FBFF52411E344007E9BCB /* Dialog.xib in Resources */ = {isa = PBXBuildFile; fileRef = 971FBFF42411E344007E9BCB /* Dialog.xib */; };
		971FBFF72411E393007E9BCB /* DialogSave.xib in Resources */ = {isa = PBXBuildFile; fileRef = 971FBFF62411E393007E9BCB /* DialogSave.xib */; };
		971FBFF92411E8BA007E9BCB /* DialogViewController.swift in Sources */ = {isa = PBXBuildFile; fileRef = 971FBFF82411E8BA007E9BCB /* DialogViewController.swift */; };
		971FBFFB2411EB00007E9BCB /* right-icon-png-.png in Resources */ = {isa = PBXBuildFile; fileRef = 971FBFFA2411EB00007E9BCB /* right-icon-png-.png */; };
		97AA4FAA240887020079A37E /* OperationSchedule.swift in Sources */ = {isa = PBXBuildFile; fileRef = 97AA4FA9240887020079A37E /* OperationSchedule.swift */; };
		97D1851D2404AFB7000ACECC /* XCDialog.h in Headers */ = {isa = PBXBuildFile; fileRef = 97D1851B2404AFB7000ACECC /* XCDialog.h */; settings = {ATTRIBUTES = (Public, ); }; };
/* End PBXBuildFile section */

/* Begin PBXFileReference section */
		06DE757D753121ED64ABB781 /* Pods_XCDialog.framework */ = {isa = PBXFileReference; explicitFileType = wrapper.framework; includeInIndex = 0; path = Pods_XCDialog.framework; sourceTree = BUILT_PRODUCTS_DIR; };
		6DE92F89AA91324DF0A394C0 /* Pods-XCDialog.release.xcconfig */ = {isa = PBXFileReference; includeInIndex = 1; lastKnownFileType = text.xcconfig; name = "Pods-XCDialog.release.xcconfig"; path = "Target Support Files/Pods-XCDialog/Pods-XCDialog.release.xcconfig"; sourceTree = "<group>"; };
		971FBFF42411E344007E9BCB /* Dialog.xib */ = {isa = PBXFileReference; lastKnownFileType = file.xib; path = Dialog.xib; sourceTree = "<group>"; };
		971FBFF62411E393007E9BCB /* DialogSave.xib */ = {isa = PBXFileReference; lastKnownFileType = file.xib; path = DialogSave.xib; sourceTree = "<group>"; };
		971FBFF82411E8BA007E9BCB /* DialogViewController.swift */ = {isa = PBXFileReference; lastKnownFileType = sourcecode.swift; path = DialogViewController.swift; sourceTree = "<group>"; };
		971FBFFA2411EB00007E9BCB /* right-icon-png-.png */ = {isa = PBXFileReference; lastKnownFileType = image.png; path = "right-icon-png-.png"; sourceTree = "<group>"; };
		97AA4FA9240887020079A37E /* OperationSchedule.swift */ = {isa = PBXFileReference; lastKnownFileType = sourcecode.swift; path = OperationSchedule.swift; sourceTree = "<group>"; };
		97D185182404AFB7000ACECC /* XCDialog.framework */ = {isa = PBXFileReference; explicitFileType = wrapper.framework; includeInIndex = 0; path = XCDialog.framework; sourceTree = BUILT_PRODUCTS_DIR; };
		97D1851B2404AFB7000ACECC /* XCDialog.h */ = {isa = PBXFileReference; lastKnownFileType = sourcecode.c.h; path = XCDialog.h; sourceTree = "<group>"; };
		97D1851C2404AFB7000ACECC /* Info.plist */ = {isa = PBXFileReference; lastKnownFileType = text.plist.xml; path = Info.plist; sourceTree = "<group>"; };
		F7AD191D52A61CA736537712 /* Pods-XCDialog.debug.xcconfig */ = {isa = PBXFileReference; includeInIndex = 1; lastKnownFileType = text.xcconfig; name = "Pods-XCDialog.debug.xcconfig"; path = "Target Support Files/Pods-XCDialog/Pods-XCDialog.debug.xcconfig"; sourceTree = "<group>"; };
/* End PBXFileReference section */

/* Begin PBXFrameworksBuildPhase section */
		97D185152404AFB7000ACECC /* Frameworks */ = {
			isa = PBXFrameworksBuildPhase;
			buildActionMask = 2147483647;
			files = (
				901AB85A22FD892FFBEF4289 /* Pods_XCDialog.framework in Frameworks */,
			);
			runOnlyForDeploymentPostprocessing = 0;
		};
/* End PBXFrameworksBuildPhase section */

/* Begin PBXGroup section */
		05B131FA66E687719739809F /* Frameworks */ = {
			isa = PBXGroup;
			children = (
				06DE757D753121ED64ABB781 /* Pods_XCDialog.framework */,
			);
			name = Frameworks;
			sourceTree = "<group>";
		};
		97D1850E2404AFB7000ACECC = {
			isa = PBXGroup;
			children = (
				97D1851A2404AFB7000ACECC /* XCDialog */,
				97D185192404AFB7000ACECC /* Products */,
				ED3E1D28EC08FF8B1BC01049 /* Pods */,
				05B131FA66E687719739809F /* Frameworks */,
			);
			sourceTree = "<group>";
		};
		97D185192404AFB7000ACECC /* Products */ = {
			isa = PBXGroup;
			children = (
				97D185182404AFB7000ACECC /* XCDialog.framework */,
			);
			name = Products;
			sourceTree = "<group>";
		};
		97D1851A2404AFB7000ACECC /* XCDialog */ = {
			isa = PBXGroup;
			children = (
				97D1851B2404AFB7000ACECC /* XCDialog.h */,
				97D1851C2404AFB7000ACECC /* Info.plist */,
				97AA4FA9240887020079A37E /* OperationSchedule.swift */,
				971FBFF82411E8BA007E9BCB /* DialogViewController.swift */,
				971FBFF42411E344007E9BCB /* Dialog.xib */,
				971FBFFA2411EB00007E9BCB /* right-icon-png-.png */,
				971FBFF62411E393007E9BCB /* DialogSave.xib */,
			);
			path = XCDialog;
			sourceTree = "<group>";
		};
		ED3E1D28EC08FF8B1BC01049 /* Pods */ = {
			isa = PBXGroup;
			children = (
				F7AD191D52A61CA736537712 /* Pods-XCDialog.debug.xcconfig */,
				6DE92F89AA91324DF0A394C0 /* Pods-XCDialog.release.xcconfig */,
			);
			path = Pods;
			sourceTree = "<group>";
		};
/* End PBXGroup section */

/* Begin PBXHeadersBuildPhase section */
		97D185132404AFB7000ACECC /* Headers */ = {
			isa = PBXHeadersBuildPhase;
			buildActionMask = 2147483647;
			files = (
				97D1851D2404AFB7000ACECC /* XCDialog.h in Headers */,
			);
			runOnlyForDeploymentPostprocessing = 0;
		};
/* End PBXHeadersBuildPhase section */

/* Begin PBXNativeTarget section */
		97D185172404AFB7000ACECC /* XCDialog */ = {
			isa = PBXNativeTarget;
			buildConfigurationList = 97D185202404AFB7000ACECC /* Build configuration list for PBXNativeTarget "XCDialog" */;
			buildPhases = (
				7B9492335BA0D050C761DCE6 /* [CP] Check Pods Manifest.lock */,
				97D185132404AFB7000ACECC /* Headers */,
				97D185142404AFB7000ACECC /* Sources */,
				97D185152404AFB7000ACECC /* Frameworks */,
				97D185162404AFB7000ACECC /* Resources */,
			);
			buildRules = (
			);
			dependencies = (
			);
			name = XCDialog;
			productName = XCDialog;
			productReference = 97D185182404AFB7000ACECC /* XCDialog.framework */;
			productType = "com.apple.product-type.framework";
		};
/* End PBXNativeTarget section */

/* Begin PBXProject section */
		97D1850F2404AFB7000ACECC /* Project object */ = {
			isa = PBXProject;
			attributes = {
				LastUpgradeCheck = 1130;
				ORGANIZATIONNAME = "Rajendran Eshwaran";
				TargetAttributes = {
					97D185172404AFB7000ACECC = {
						CreatedOnToolsVersion = 11.3;
						LastSwiftMigration = 1130;
					};
				};
			};
			buildConfigurationList = 97D185122404AFB7000ACECC /* Build configuration list for PBXProject "XCDialog" */;
			compatibilityVersion = "Xcode 9.3";
			developmentRegion = en;
			hasScannedForEncodings = 0;
			knownRegions = (
				en,
				Base,
			);
			mainGroup = 97D1850E2404AFB7000ACECC;
			productRefGroup = 97D185192404AFB7000ACECC /* Products */;
			projectDirPath = "";
			projectRoot = "";
			targets = (
				97D185172404AFB7000ACECC /* XCDialog */,
			);
		};
/* End PBXProject section */

/* Begin PBXResourcesBuildPhase section */
		97D185162404AFB7000ACECC /* Resources */ = {
			isa = PBXResourcesBuildPhase;
			buildActionMask = 2147483647;
			files = (
				971FBFF72411E393007E9BCB /* DialogSave.xib in Resources */,
				971FBFFB2411EB00007E9BCB /* right-icon-png-.png in Resources */,
				971FBFF52411E344007E9BCB /* Dialog.xib in Resources */,
			);
			runOnlyForDeploymentPostprocessing = 0;
		};
/* End PBXResourcesBuildPhase section */

/* Begin PBXShellScriptBuildPhase section */
		7B9492335BA0D050C761DCE6 /* [CP] Check Pods Manifest.lock */ = {
			isa = PBXShellScriptBuildPhase;
			buildActionMask = 2147483647;
			files = (
			);
			inputFileListPaths = (
			);
			inputPaths = (
				"${PODS_PODFILE_DIR_PATH}/Podfile.lock",
				"${PODS_ROOT}/Manifest.lock",
			);
			name = "[CP] Check Pods Manifest.lock";
			outputFileListPaths = (
			);
			outputPaths = (
				"$(DERIVED_FILE_DIR)/Pods-XCDialog-checkManifestLockResult.txt",
			);
			runOnlyForDeploymentPostprocessing = 0;
			shellPath = /bin/sh;
			shellScript = "diff \"${PODS_PODFILE_DIR_PATH}/Podfile.lock\" \"${PODS_ROOT}/Manifest.lock\" > /dev/null\nif [ $? != 0 ] ; then\n    # print error to STDERR\n    echo \"error: The sandbox is not in sync with the Podfile.lock. Run 'pod install' or update your CocoaPods installation.\" >&2\n    exit 1\nfi\n# This output is used by Xcode 'outputs' to avoid re-running this script phase.\necho \"SUCCESS\" > \"${SCRIPT_OUTPUT_FILE_0}\"\n";
			showEnvVarsInLog = 0;
		};
/* End PBXShellScriptBuildPhase section */

/* Begin PBXSourcesBuildPhase section */
		97D185142404AFB7000ACECC /* Sources */ = {
			isa = PBXSourcesBuildPhase;
			buildActionMask = 2147483647;
			files = (
				971FBFF92411E8BA007E9BCB /* DialogViewController.swift in Sources */,
				97AA4FAA240887020079A37E /* OperationSchedule.swift in Sources */,
			);
			runOnlyForDeploymentPostprocessing = 0;
		};
/* End PBXSourcesBuildPhase section */

/* Begin XCBuildConfiguration section */
		97D1851E2404AFB7000ACECC /* Debug */ = {
			isa = XCBuildConfiguration;
			buildSettings = {
				ALWAYS_SEARCH_USER_PATHS = NO;
				CLANG_ANALYZER_NONNULL = YES;
				CLANG_ANALYZER_NUMBER_OBJECT_CONVERSION = YES_AGGRESSIVE;
				CLANG_CXX_LANGUAGE_STANDARD = "gnu++14";
				CLANG_CXX_LIBRARY = "libc++";
				CLANG_ENABLE_MODULES = YES;
				CLANG_ENABLE_OBJC_ARC = YES;
				CLANG_ENABLE_OBJC_WEAK = YES;
				CLANG_WARN_BLOCK_CAPTURE_AUTORELEASING = YES;
				CLANG_WARN_BOOL_CONVERSION = YES;
				CLANG_WARN_COMMA = YES;
				CLANG_WARN_CONSTANT_CONVERSION = YES;
				CLANG_WARN_DEPRECATED_OBJC_IMPLEMENTATIONS = YES;
				CLANG_WARN_DIRECT_OBJC_ISA_USAGE = YES_ERROR;
				CLANG_WARN_DOCUMENTATION_COMMENTS = YES;
				CLANG_WARN_EMPTY_BODY = YES;
				CLANG_WARN_ENUM_CONVERSION = YES;
				CLANG_WARN_INFINITE_RECURSION = YES;
				CLANG_WARN_INT_CONVERSION = YES;
				CLANG_WARN_NON_LITERAL_NULL_CONVERSION = YES;
				CLANG_WARN_OBJC_IMPLICIT_RETAIN_SELF = YES;
				CLANG_WARN_OBJC_LITERAL_CONVERSION = YES;
				CLANG_WARN_OBJC_ROOT_CLASS = YES_ERROR;
				CLANG_WARN_RANGE_LOOP_ANALYSIS = YES;
				CLANG_WARN_STRICT_PROTOTYPES = YES;
				CLANG_WARN_SUSPICIOUS_MOVE = YES;
				CLANG_WARN_UNGUARDED_AVAILABILITY = YES_AGGRESSIVE;
				CLANG_WARN_UNREACHABLE_CODE = YES;
				CLANG_WARN__DUPLICATE_METHOD_MATCH = YES;
				COPY_PHASE_STRIP = NO;
				CURRENT_PROJECT_VERSION = 1;
				DEBUG_INFORMATION_FORMAT = dwarf;
				ENABLE_STRICT_OBJC_MSGSEND = YES;
				ENABLE_TESTABILITY = YES;
				GCC_C_LANGUAGE_STANDARD = gnu11;
				GCC_DYNAMIC_NO_PIC = NO;
				GCC_NO_COMMON_BLOCKS = YES;
				GCC_OPTIMIZATION_LEVEL = 0;
				GCC_PREPROCESSOR_DEFINITIONS = (
					"DEBUG=1",
					"$(inherited)",
				);
				GCC_WARN_64_TO_32_BIT_CONVERSION = YES;
				GCC_WARN_ABOUT_RETURN_TYPE = YES_ERROR;
				GCC_WARN_UNDECLARED_SELECTOR = YES;
				GCC_WARN_UNINITIALIZED_AUTOS = YES_AGGRESSIVE;
				GCC_WARN_UNUSED_FUNCTION = YES;
				GCC_WARN_UNUSED_VARIABLE = YES;
				IPHONEOS_DEPLOYMENT_TARGET = 13.2;
				MTL_ENABLE_DEBUG_INFO = INCLUDE_SOURCE;
				MTL_FAST_MATH = YES;
				ONLY_ACTIVE_ARCH = YES;
				SDKROOT = iphoneos;
				SWIFT_ACTIVE_COMPILATION_CONDITIONS = DEBUG;
				SWIFT_OPTIMIZATION_LEVEL = "-Onone";
				VERSIONING_SYSTEM = "apple-generic";
				VERSION_INFO_PREFIX = "";
			};
			name = Debug;
		};
		97D1851F2404AFB7000ACECC /* Release */ = {
			isa = XCBuildConfiguration;
			buildSettings = {
				ALWAYS_SEARCH_USER_PATHS = NO;
				CLANG_ANALYZER_NONNULL = YES;
				CLANG_ANALYZER_NUMBER_OBJECT_CONVERSION = YES_AGGRESSIVE;
				CLANG_CXX_LANGUAGE_STANDARD = "gnu++14";
				CLANG_CXX_LIBRARY = "libc++";
				CLANG_ENABLE_MODULES = YES;
				CLANG_ENABLE_OBJC_ARC = YES;
				CLANG_ENABLE_OBJC_WEAK = YES;
				CLANG_WARN_BLOCK_CAPTURE_AUTORELEASING = YES;
				CLANG_WARN_BOOL_CONVERSION = YES;
				CLANG_WARN_COMMA = YES;
				CLANG_WARN_CONSTANT_CONVERSION = YES;
				CLANG_WARN_DEPRECATED_OBJC_IMPLEMENTATIONS = YES;
				CLANG_WARN_DIRECT_OBJC_ISA_USAGE = YES_ERROR;
				CLANG_WARN_DOCUMENTATION_COMMENTS = YES;
				CLANG_WARN_EMPTY_BODY = YES;
				CLANG_WARN_ENUM_CONVERSION = YES;
				CLANG_WARN_INFINITE_RECURSION = YES;
				CLANG_WARN_INT_CONVERSION = YES;
				CLANG_WARN_NON_LITERAL_NULL_CONVERSION = YES;
				CLANG_WARN_OBJC_IMPLICIT_RETAIN_SELF = YES;
				CLANG_WARN_OBJC_LITERAL_CONVERSION = YES;
				CLANG_WARN_OBJC_ROOT_CLASS = YES_ERROR;
				CLANG_WARN_RANGE_LOOP_ANALYSIS = YES;
				CLANG_WARN_STRICT_PROTOTYPES = YES;
				CLANG_WARN_SUSPICIOUS_MOVE = YES;
				CLANG_WARN_UNGUARDED_AVAILABILITY = YES_AGGRESSIVE;
				CLANG_WARN_UNREACHABLE_CODE = YES;
				CLANG_WARN__DUPLICATE_METHOD_MATCH = YES;
				COPY_PHASE_STRIP = NO;
				CURRENT_PROJECT_VERSION = 1;
				DEBUG_INFORMATION_FORMAT = "dwarf-with-dsym";
				ENABLE_NS_ASSERTIONS = NO;
				ENABLE_STRICT_OBJC_MSGSEND = YES;
				GCC_C_LANGUAGE_STANDARD = gnu11;
				GCC_NO_COMMON_BLOCKS = YES;
				GCC_WARN_64_TO_32_BIT_CONVERSION = YES;
				GCC_WARN_ABOUT_RETURN_TYPE = YES_ERROR;
				GCC_WARN_UNDECLARED_SELECTOR = YES;
				GCC_WARN_UNINITIALIZED_AUTOS = YES_AGGRESSIVE;
				GCC_WARN_UNUSED_FUNCTION = YES;
				GCC_WARN_UNUSED_VARIABLE = YES;
				IPHONEOS_DEPLOYMENT_TARGET = 13.2;
				MTL_ENABLE_DEBUG_INFO = NO;
				MTL_FAST_MATH = YES;
				SDKROOT = iphoneos;
				SWIFT_COMPILATION_MODE = wholemodule;
				SWIFT_OPTIMIZATION_LEVEL = "-O";
				VALIDATE_PRODUCT = YES;
				VERSIONING_SYSTEM = "apple-generic";
				VERSION_INFO_PREFIX = "";
			};
			name = Release;
		};
		97D185212404AFB7000ACECC /* Debug */ = {
			isa = XCBuildConfiguration;
			baseConfigurationReference = F7AD191D52A61CA736537712 /* Pods-XCDialog.debug.xcconfig */;
			buildSettings = {
				CLANG_ENABLE_MODULES = YES;
				CODE_SIGN_STYLE = Automatic;
				DEFINES_MODULE = YES;
				DEVELOPMENT_TEAM = T749PR32HB;
				DYLIB_COMPATIBILITY_VERSION = 1;
				DYLIB_CURRENT_VERSION = 1;
				DYLIB_INSTALL_NAME_BASE = "@rpath";
				INFOPLIST_FILE = XCDialog/Info.plist;
				INSTALL_PATH = "$(LOCAL_LIBRARY_DIR)/Frameworks";
				LD_RUNPATH_SEARCH_PATHS = (
					"$(inherited)",
					"@executable_path/Frameworks",
					"@loader_path/Frameworks",
				);
				PRODUCT_BUNDLE_IDENTIFIER = com.rajaygms.XCDialog;
				PRODUCT_NAME = "$(TARGET_NAME:c99extidentifier)";
				SKIP_INSTALL = YES;
				SWIFT_OPTIMIZATION_LEVEL = "-Onone";
				SWIFT_VERSION = 5.0;
				TARGETED_DEVICE_FAMILY = "1,2";
				VALID_ARCHS = "arm64 arm64e armv7 armv7s x86_64";
			};
			name = Debug;
		};
		97D185222404AFB7000ACECC /* Release */ = {
			isa = XCBuildConfiguration;
			baseConfigurationReference = 6DE92F89AA91324DF0A394C0 /* Pods-XCDialog.release.xcconfig */;
			buildSettings = {
				CLANG_ENABLE_MODULES = YES;
				CODE_SIGN_STYLE = Automatic;
				DEFINES_MODULE = YES;
				DEVELOPMENT_TEAM = T749PR32HB;
				DYLIB_COMPATIBILITY_VERSION = 1;
				DYLIB_CURRENT_VERSION = 1;
				DYLIB_INSTALL_NAME_BASE = "@rpath";
				INFOPLIST_FILE = XCDialog/Info.plist;
				INSTALL_PATH = "$(LOCAL_LIBRARY_DIR)/Frameworks";
				LD_RUNPATH_SEARCH_PATHS = (
					"$(inherited)",
					"@executable_path/Frameworks",
					"@loader_path/Frameworks",
				);
				PRODUCT_BUNDLE_IDENTIFIER = com.rajaygms.XCDialog;
				PRODUCT_NAME = "$(TARGET_NAME:c99extidentifier)";
				SKIP_INSTALL = YES;
				SWIFT_VERSION = 5.0;
				TARGETED_DEVICE_FAMILY = "1,2";
				VALID_ARCHS = "arm64 arm64e armv7 armv7s x86_64";
			};
			name = Release;
		};
/* End XCBuildConfiguration section */

/* Begin XCConfigurationList section */
		97D185122404AFB7000ACECC /* Build configuration list for PBXProject "XCDialog" */ = {
			isa = XCConfigurationList;
			buildConfigurations = (
				97D1851E2404AFB7000ACECC /* Debug */,
				97D1851F2404AFB7000ACECC /* Release */,
			);
			defaultConfigurationIsVisible = 0;
			defaultConfigurationName = Release;
		};
		97D185202404AFB7000ACECC /* Build configuration list for PBXNativeTarget "XCDialog" */ = {
			isa = XCConfigurationList;
			buildConfigurations = (
				97D185212404AFB7000ACECC /* Debug */,
				97D185222404AFB7000ACECC /* Release */,
			);
			defaultConfigurationIsVisible = 0;
			defaultConfigurationName = Release;
		};
/* End XCConfigurationList section */
	};
	rootObject = 97D1850F2404AFB7000ACECC /* Project object */;
}
